
Microsoft Visual Studio Solution File, Format Version 12.00
# Visual Studio 2013
VisualStudioVersion = 12.0.30110.0
MinimumVisualStudioVersion = 10.0.40219.1
Project("{FAE04EC0-301F-11D3-BF4B-00C04F79EFBC}") = "Wistia.Core", "src\Wistia.Core\Wistia.Core.csproj", "{F548E547-A204-4CD7-A431-758585F32230}"
EndProject
Project("{2150E333-8FDC-42A3-9474-1A3956D46DE8}") = "Solution Items", "Solution Items", "{274DCC0E-DC7F-4756-AAA1-5429025E7DDC}"
	ProjectSection(SolutionItems) = preProject
		.gitignore = .gitignore
		packages\Microsoft.Bcl.Build.1.0.13\tools\Microsoft.Bcl.Build.targets = packages\Microsoft.Bcl.Build.1.0.13\tools\Microsoft.Bcl.Build.targets
		NuGet.config = NuGet.config
	EndProjectSection
EndProject
Global
	GlobalSection(SolutionConfigurationPlatforms) = preSolution
		Debug|Any CPU = Debug|Any CPU
		Release|Any CPU = Release|Any CPU
	EndGlobalSection
	GlobalSection(ProjectConfigurationPlatforms) = postSolution
		{F548E547-A204-4CD7-A431-758585F32230}.Debug|Any CPU.ActiveCfg = Debug|Any CPU
		{F548E547-A204-4CD7-A431-758585F32230}.Debug|Any CPU.Build.0 = Debug|Any CPU
		{F548E547-A204-4CD7-A431-758585F32230}.Release|Any CPU.ActiveCfg = Release|Any CPU
		{F548E547-A204-4CD7-A431-758585F32230}.Release|Any CPU.Build.0 = Release|Any CPU
	EndGlobalSection
	GlobalSection(SolutionProperties) = preSolution
		HideSolutionNode = FALSE
	EndGlobalSection
EndGlobal
